
Microsoft Visual Studio Solution File, Format Version 12.00
# Visual Studio Version 16
VisualStudioVersion = 16.0.30907.101
MinimumVisualStudioVersion = 10.0.40219.1
Project("{9A19103F-16F7-4668-BE54-9A1E7A4F7556}") = "Business", "Business\Business.csproj", "{8D951757-71B7-4EBA-906E-4E7A95D6E53A}"
EndProject
Project("{9A19103F-16F7-4668-BE54-9A1E7A4F7556}") = "DataAccess", "DataAccess\DataAccess.csproj", "{3C6D6C69-33A2-45DC-863D-CDACC4D7CE65}"
EndProject
Project("{9A19103F-16F7-4668-BE54-9A1E7A4F7556}") = "Entities", "Entities\Entities.csproj", "{1C1963B7-421F-4D34-919F-D79086720F59}"
EndProject
Project("{9A19103F-16F7-4668-BE54-9A1E7A4F7556}") = "ConsoleUI", "ConsoleUI\ConsoleUI.csproj", "{ABE24E24-211F-4850-8E7A-95D0210F23DD}"
EndProject
Project("{FAE04EC0-301F-11D3-BF4B-00C04F79EFBC}") = "Core", "Core\Core.csproj", "{6B9A3E55-89BE-4898-BD10-1120AC019BFD}"
EndProject
Global
	GlobalSection(SolutionConfigurationPlatforms) = preSolution
		Debug|Any CPU = Debug|Any CPU
		Release|Any CPU = Release|Any CPU
	EndGlobalSection
	GlobalSection(ProjectConfigurationPlatforms) = postSolution
		{8D951757-71B7-4EBA-906E-4E7A95D6E53A}.Debug|Any CPU.ActiveCfg = Debug|Any CPU
		{8D951757-71B7-4EBA-906E-4E7A95D6E53A}.Debug|Any CPU.Build.0 = Debug|Any CPU
		{8D951757-71B7-4EBA-906E-4E7A95D6E53A}.Release|Any CPU.ActiveCfg = Release|Any CPU
		{8D951757-71B7-4EBA-906E-4E7A95D6E53A}.Release|Any CPU.Build.0 = Release|Any CPU
		{3C6D6C69-33A2-45DC-863D-CDACC4D7CE65}.Debug|Any CPU.ActiveCfg = Debug|Any CPU
		{3C6D6C69-33A2-45DC-863D-CDACC4D7CE65}.Debug|Any CPU.Build.0 = Debug|Any CPU
		{3C6D6C69-33A2-45DC-863D-CDACC4D7CE65}.Release|Any CPU.ActiveCfg = Release|Any CPU
		{3C6D6C69-33A2-45DC-863D-CDACC4D7CE65}.Release|Any CPU.Build.0 = Release|Any CPU
		{1C1963B7-421F-4D34-919F-D79086720F59}.Debug|Any CPU.ActiveCfg = Debug|Any CPU
		{1C1963B7-421F-4D34-919F-D79086720F59}.Debug|Any CPU.Build.0 = Debug|Any CPU
		{1C1963B7-421F-4D34-919F-D79086720F59}.Release|Any CPU.ActiveCfg = Release|Any CPU
		{1C1963B7-421F-4D34-919F-D79086720F59}.Release|Any CPU.Build.0 = Release|Any CPU
		{ABE24E24-211F-4850-8E7A-95D0210F23DD}.Debug|Any CPU.ActiveCfg = Debug|Any CPU
		{ABE24E24-211F-4850-8E7A-95D0210F23DD}.Debug|Any CPU.Build.0 = Debug|Any CPU
		{ABE24E24-211F-4850-8E7A-95D0210F23DD}.Release|Any CPU.ActiveCfg = Release|Any CPU
		{ABE24E24-211F-4850-8E7A-95D0210F23DD}.Release|Any CPU.Build.0 = Release|Any CPU
		{6B9A3E55-89BE-4898-BD10-1120AC019BFD}.Debug|Any CPU.ActiveCfg = Debug|Any CPU
		{6B9A3E55-89BE-4898-BD10-1120AC019BFD}.Debug|Any CPU.Build.0 = Debug|Any CPU
		{6B9A3E55-89BE-4898-BD10-1120AC019BFD}.Release|Any CPU.ActiveCfg = Release|Any CPU
		{6B9A3E55-89BE-4898-BD10-1120AC019BFD}.Release|Any CPU.Build.0 = Release|Any CPU
	EndGlobalSection
	GlobalSection(SolutionProperties) = preSolution
		HideSolutionNode = FALSE
	EndGlobalSection
	GlobalSection(ExtensibilityGlobals) = postSolution
		SolutionGuid = {07E39737-E8BA-457A-A749-81BAE061496E}
	EndGlobalSection
EndGlobal
